
Microsoft Visual Studio Solution File, Format Version 12.00
# Visual Studio Version 17
VisualStudioVersion = 17.5.002.0
MinimumVisualStudioVersion = 10.0.40219.1
Project("{9A19103F-16F7-4668-BE54-9A1E7A4F7556}") = "BankAPI", "BankAPI.csproj", "{34299952-F6CA-48F0-A825-3C1C8E8E5651}"
EndProject
Global
	GlobalSection(SolutionConfigurationPlatforms) = preSolution
		Debug|Any CPU = Debug|Any CPU
		Release|Any CPU = Release|Any CPU
	EndGlobalSection
	GlobalSection(ProjectConfigurationPlatforms) = postSolution
		{34299952-F6CA-48F0-A825-3C1C8E8E5651}.Debug|Any CPU.ActiveCfg = Debug|Any CPU
		{34299952-F6CA-48F0-A825-3C1C8E8E5651}.Debug|Any CPU.Build.0 = Debug|Any CPU
		{34299952-F6CA-48F0-A825-3C1C8E8E5651}.Release|Any CPU.ActiveCfg = Release|Any CPU
		{34299952-F6CA-48F0-A825-3C1C8E8E5651}.Release|Any CPU.Build.0 = Release|Any CPU
	EndGlobalSection
	GlobalSection(SolutionProperties) = preSolution
		HideSolutionNode = FALSE
	EndGlobalSection
	GlobalSection(ExtensibilityGlobals) = postSolution
		SolutionGuid = {7F05C4DC-7A5E-45A4-B982-5CFC0E7E85B3}
	EndGlobalSection
EndGlobal
